
Microsoft Visual Studio Solution File, Format Version 12.00
# Visual Studio Version 16
VisualStudioVersion = 16.0.30011.22
MinimumVisualStudioVersion = 10.0.40219.1
Project("{FAE04EC0-301F-11D3-BF4B-00C04F79EFBC}") = "RestaurantManagement.Api", "RestaurantManagement.Api\RestaurantManagement.Api.csproj", "{D73006AB-3DEF-4AE0-B5AC-028658BF1061}"
EndProject
Project("{FAE04EC0-301F-11D3-BF4B-00C04F79EFBC}") = "RestaurantManagement.Entities", "RestaurantManagement.Entities\RestaurantManagement.Entities.csproj", "{8836EFA6-3782-4311-AE01-7FB7CFD58B2F}"
EndProject
Project("{FAE04EC0-301F-11D3-BF4B-00C04F79EFBC}") = "RestaurantManagement.Data", "RestaurantManagement.Data\RestaurantManagement.Data.csproj", "{B7CDBCA3-EC02-4DE8-835A-7EB1A46D8116}"
EndProject
Project("{FAE04EC0-301F-11D3-BF4B-00C04F79EFBC}") = "RestaurantManagement.Core", "RestaurantManagement.Core\RestaurantManagement.Core.csproj", "{221A1B44-41B3-47E2-A5E4-3CA8C8EA942E}"
EndProject
Project("{FAE04EC0-301F-11D3-BF4B-00C04F79EFBC}") = "RestaurantManagement.Business", "RestaurantManagement.Business\RestaurantManagement.Business.csproj", "{8A5C78EA-F549-4314-B41B-0DF846A22F88}"
EndProject
Global
	GlobalSection(SolutionConfigurationPlatforms) = preSolution
		Debug|Any CPU = Debug|Any CPU
		Release|Any CPU = Release|Any CPU
	EndGlobalSection
	GlobalSection(ProjectConfigurationPlatforms) = postSolution
		{D73006AB-3DEF-4AE0-B5AC-028658BF1061}.Debug|Any CPU.ActiveCfg = Debug|Any CPU
		{D73006AB-3DEF-4AE0-B5AC-028658BF1061}.Debug|Any CPU.Build.0 = Debug|Any CPU
		{D73006AB-3DEF-4AE0-B5AC-028658BF1061}.Release|Any CPU.ActiveCfg = Release|Any CPU
		{D73006AB-3DEF-4AE0-B5AC-028658BF1061}.Release|Any CPU.Build.0 = Release|Any CPU
		{8836EFA6-3782-4311-AE01-7FB7CFD58B2F}.Debug|Any CPU.ActiveCfg = Debug|Any CPU
		{8836EFA6-3782-4311-AE01-7FB7CFD58B2F}.Debug|Any CPU.Build.0 = Debug|Any CPU
		{8836EFA6-3782-4311-AE01-7FB7CFD58B2F}.Release|Any CPU.ActiveCfg = Release|Any CPU
		{8836EFA6-3782-4311-AE01-7FB7CFD58B2F}.Release|Any CPU.Build.0 = Release|Any CPU
		{B7CDBCA3-EC02-4DE8-835A-7EB1A46D8116}.Debug|Any CPU.ActiveCfg = Debug|Any CPU
		{B7CDBCA3-EC02-4DE8-835A-7EB1A46D8116}.Debug|Any CPU.Build.0 = Debug|Any CPU
		{B7CDBCA3-EC02-4DE8-835A-7EB1A46D8116}.Release|Any CPU.ActiveCfg = Release|Any CPU
		{B7CDBCA3-EC02-4DE8-835A-7EB1A46D8116}.Release|Any CPU.Build.0 = Release|Any CPU
		{221A1B44-41B3-47E2-A5E4-3CA8C8EA942E}.Debug|Any CPU.ActiveCfg = Debug|Any CPU
		{221A1B44-41B3-47E2-A5E4-3CA8C8EA942E}.Debug|Any CPU.Build.0 = Debug|Any CPU
		{221A1B44-41B3-47E2-A5E4-3CA8C8EA942E}.Release|Any CPU.ActiveCfg = Release|Any CPU
		{221A1B44-41B3-47E2-A5E4-3CA8C8EA942E}.Release|Any CPU.Build.0 = Release|Any CPU
		{8A5C78EA-F549-4314-B41B-0DF846A22F88}.Debug|Any CPU.ActiveCfg = Debug|Any CPU
		{8A5C78EA-F549-4314-B41B-0DF846A22F88}.Debug|Any CPU.Build.0 = Debug|Any CPU
		{8A5C78EA-F549-4314-B41B-0DF846A22F88}.Release|Any CPU.ActiveCfg = Release|Any CPU
		{8A5C78EA-F549-4314-B41B-0DF846A22F88}.Release|Any CPU.Build.0 = Release|Any CPU
	EndGlobalSection
	GlobalSection(SolutionProperties) = preSolution
		HideSolutionNode = FALSE
	EndGlobalSection
	GlobalSection(ExtensibilityGlobals) = postSolution
		SolutionGuid = {2AE0310A-FEE9-4699-94FA-4824A3DCCD8C}
	EndGlobalSection
EndGlobal
